{
  "name": "git-log-to-md",
  "version": "1.0.0",
  "lockfileVersion": 2,
  "requires": true,
  "packages": {
    "": {
      "name": "git-log-to-md",
      "version": "1.0.0",
      "license": "ISC",
      "dependencies": {
        "axios": "^0.21.1",
        "consola": "^2.15.3",
        "dayjs": "^1.10.6",
        "dotenv": "^10.0.0",
        "gitlog": "^4.0.4"
      },
      "devDependencies": {
        "git-cz": "^4.7.6"
      }
    },
    "node_modules/axios": {
      "version": "0.21.1",
      "resolved": "https://registry.npmjs.org/axios/-/axios-0.21.1.tgz",
      "integrity": "sha512-dKQiRHxGD9PPRIUNIWvZhPTPpl1rf/OxTYKsqKUDjBwYylTvV7SjSHJb9ratfyzM6wCdLCOYLzs73qpg5c4iGA==",
      "dependencies": {
        "follow-redirects": "^1.10.0"
      }
    },
    "node_modules/consola": {
      "version": "2.15.3",
      "resolved": "https://registry.npmjs.org/consola/-/consola-2.15.3.tgz",
      "integrity": "sha512-9vAdYbHj6x2fLKC4+oPH0kFzY/orMZyG2Aj+kNylHxKGJ/Ed4dpNyAQYwJOdqO4zdM7XpVHmyejQDcQHrnuXbw=="
    },
    "node_modules/dayjs": {
      "version": "1.10.6",
      "resolved": "https://registry.npmjs.org/dayjs/-/dayjs-1.10.6.tgz",
      "integrity": "sha512-AztC/IOW4L1Q41A86phW5Thhcrco3xuAA+YX/BLpLWWjRcTj5TOt/QImBLmCKlrF7u7k47arTnOyL6GnbG8Hvw=="
    },
    "node_modules/debug": {
      "version": "4.3.2",
      "resolved": "https://registry.npmjs.org/debug/-/debug-4.3.2.tgz",
      "integrity": "sha512-mOp8wKcvj7XxC78zLgw/ZA+6TSgkoE2C/ienthhRD298T7UNwAg9diBpLRxC0mOezLl4B0xV7M0cCO6P/O0Xhw==",
      "dependencies": {
        "ms": "2.1.2"
      },
      "engines": {
        "node": ">=6.0"
      },
      "peerDependenciesMeta": {
        "supports-color": {
          "optional": true
        }
      }
    },
    "node_modules/dotenv": {
      "version": "10.0.0",
      "resolved": "https://registry.npmjs.org/dotenv/-/dotenv-10.0.0.tgz",
      "integrity": "sha512-rlBi9d8jpv9Sf1klPjNfFAuWDjKLwTIJJ/VxtoTwIR6hnZxcEOQCZg2oIL3MWBYw5GpUDKOEnND7LXTbIpQ03Q==",
      "engines": {
        "node": ">=10"
      }
    },
    "node_modules/follow-redirects": {
      "version": "1.14.1",
      "resolved": "https://registry.npmjs.org/follow-redirects/-/follow-redirects-1.14.1.tgz",
      "integrity": "sha512-HWqDgT7ZEkqRzBvc2s64vSZ/hfOceEol3ac/7tKwzuvEyWx3/4UegXh5oBOIotkGsObyk3xznnSRVADBgWSQVg==",
      "funding": [
        {
          "type": "individual",
          "url": "https://github.com/sponsors/RubenVerborgh"
        }
      ],
      "engines": {
        "node": ">=4.0"
      },
      "peerDependenciesMeta": {
        "debug": {
          "optional": true
        }
      }
    },
    "node_modules/git-cz": {
      "version": "4.7.6",
      "resolved": "https://registry.npmjs.org/git-cz/-/git-cz-4.7.6.tgz",
      "integrity": "sha512-WtQEXqetJSi9LKPI77bMdSQWvLGjE93egVbR0zjXd1KFKrFvo/YE/UuGNcMeBDiwzxfQBhjyV7Hn0YUZ8Q0BcQ==",
      "dev": true,
      "bin": {
        "git-cz": "bin/git-cz.js",
        "gitcz": "bin/git-cz.js"
      }
    },
    "node_modules/gitlog": {
      "version": "4.0.4",
      "resolved": "https://registry.npmjs.org/gitlog/-/gitlog-4.0.4.tgz",
      "integrity": "sha512-jeY2kO7CVyTa6cUM7ZD2ZxIyBkna1xvW2esV/3o8tbhiUneX1UBQCH4D9aMrHgGiohBjyXbuZogyjKXslnY5Yg==",
      "dependencies": {
        "debug": "^4.1.1",
        "tslib": "^1.14.1"
      },
      "engines": {
        "node": ">= 10.x"
      }
    },
    "node_modules/ms": {
      "version": "2.1.2",
      "resolved": "https://registry.npmjs.org/ms/-/ms-2.1.2.tgz",
      "integrity": "sha512-sGkPx+VjMtmA6MX27oA4FBFELFCZZ4S4XqeGOXCv68tT+jb3vk/RyaKWP0PTKyWtmLSM0b+adUTEvbs1PEaH2w=="
    },
    "node_modules/tslib": {
      "version": "1.14.1",
      "resolved": "https://registry.npmjs.org/tslib/-/tslib-1.14.1.tgz",
      "integrity": "sha512-Xni35NKzjgMrwevysHTCArtLDpPvye8zV/0E4EyYn43P7/7qvQwPh9BGkHewbMulVntbigmcT7rdX3BNo9wRJg=="
    }
  },
  "dependencies": {
    "axios": {
      "version": "0.21.1",
      "resolved": "https://registry.npmjs.org/axios/-/axios-0.21.1.tgz",
      "integrity": "sha512-dKQiRHxGD9PPRIUNIWvZhPTPpl1rf/OxTYKsqKUDjBwYylTvV7SjSHJb9ratfyzM6wCdLCOYLzs73qpg5c4iGA==",
      "requires": {
        "follow-redirects": "^1.10.0"
      }
    },
    "consola": {
      "version": "2.15.3",
      "resolved": "https://registry.npmjs.org/consola/-/consola-2.15.3.tgz",
      "integrity": "sha512-9vAdYbHj6x2fLKC4+oPH0kFzY/orMZyG2Aj+kNylHxKGJ/Ed4dpNyAQYwJOdqO4zdM7XpVHmyejQDcQHrnuXbw=="
    },
    "dayjs": {
      "version": "1.10.6",
      "resolved": "https://registry.npmjs.org/dayjs/-/dayjs-1.10.6.tgz",
      "integrity": "sha512-AztC/IOW4L1Q41A86phW5Thhcrco3xuAA+YX/BLpLWWjRcTj5TOt/QImBLmCKlrF7u7k47arTnOyL6GnbG8Hvw=="
    },
    "debug": {
      "version": "4.3.2",
      "resolved": "https://registry.npmjs.org/debug/-/debug-4.3.2.tgz",
      "integrity": "sha512-mOp8wKcvj7XxC78zLgw/ZA+6TSgkoE2C/ienthhRD298T7UNwAg9diBpLRxC0mOezLl4B0xV7M0cCO6P/O0Xhw==",
      "requires": {
        "ms": "2.1.2"
      }
    },
    "dotenv": {
      "version": "10.0.0",
      "resolved": "https://registry.npmjs.org/dotenv/-/dotenv-10.0.0.tgz",
      "integrity": "sha512-rlBi9d8jpv9Sf1klPjNfFAuWDjKLwTIJJ/VxtoTwIR6hnZxcEOQCZg2oIL3MWBYw5GpUDKOEnND7LXTbIpQ03Q=="
    },
    "follow-redirects": {
      "version": "1.14.1",
      "resolved": "https://registry.npmjs.org/follow-redirects/-/follow-redirects-1.14.1.tgz",
      "integrity": "sha512-HWqDgT7ZEkqRzBvc2s64vSZ/hfOceEol3ac/7tKwzuvEyWx3/4UegXh5oBOIotkGsObyk3xznnSRVADBgWSQVg=="
    },
    "git-cz": {
      "version": "4.7.6",
      "resolved": "https://registry.npmjs.org/git-cz/-/git-cz-4.7.6.tgz",
      "integrity": "sha512-WtQEXqetJSi9LKPI77bMdSQWvLGjE93egVbR0zjXd1KFKrFvo/YE/UuGNcMeBDiwzxfQBhjyV7Hn0YUZ8Q0BcQ==",
      "dev": true
    },
    "gitlog": {
      "version": "4.0.4",
      "resolved": "https://registry.npmjs.org/gitlog/-/gitlog-4.0.4.tgz",
      "integrity": "sha512-jeY2kO7CVyTa6cUM7ZD2ZxIyBkna1xvW2esV/3o8tbhiUneX1UBQCH4D9aMrHgGiohBjyXbuZogyjKXslnY5Yg==",
      "requires": {
        "debug": "^4.1.1",
        "tslib": "^1.14.1"
      }
    },
    "ms": {
      "version": "2.1.2",
      "resolved": "https://registry.npmjs.org/ms/-/ms-2.1.2.tgz",
      "integrity": "sha512-sGkPx+VjMtmA6MX27oA4FBFELFCZZ4S4XqeGOXCv68tT+jb3vk/RyaKWP0PTKyWtmLSM0b+adUTEvbs1PEaH2w=="
    },
    "tslib": {
      "version": "1.14.1",
      "resolved": "https://registry.npmjs.org/tslib/-/tslib-1.14.1.tgz",
      "integrity": "sha512-Xni35NKzjgMrwevysHTCArtLDpPvye8zV/0E4EyYn43P7/7qvQwPh9BGkHewbMulVntbigmcT7rdX3BNo9wRJg=="
    }
  }
}
